
Microsoft Visual Studio Solution File, Format Version 12.00
# Visual Studio Version 17
VisualStudioVersion = 17.0.31903.59
MinimumVisualStudioVersion = 10.0.40219.1
Project("{FAE04EC0-301F-11D3-BF4B-00C04F79EFBC}") = "QuickAcid.Fluent", "QuickAcid.Fluent\QuickAcid.Fluent.csproj", "{B4F8A901-EACD-4DED-9828-C7BB0B7B37DF}"
EndProject
Project("{FAE04EC0-301F-11D3-BF4B-00C04F79EFBC}") = "QuickAcid.Fluent.Tests", "QuickAcid.Fluent.Tests\QuickAcid.Fluent.Tests.csproj", "{9CED25E9-A8BF-4378-8868-5FDF2FDEB071}"
EndProject
Global
	GlobalSection(SolutionConfigurationPlatforms) = preSolution
		Debug|Any CPU = Debug|Any CPU
		Debug|x64 = Debug|x64
		Debug|x86 = Debug|x86
		Release|Any CPU = Release|Any CPU
		Release|x64 = Release|x64
		Release|x86 = Release|x86
	EndGlobalSection
	GlobalSection(ProjectConfigurationPlatforms) = postSolution
		{B4F8A901-EACD-4DED-9828-C7BB0B7B37DF}.Debug|Any CPU.ActiveCfg = Debug|Any CPU
		{B4F8A901-EACD-4DED-9828-C7BB0B7B37DF}.Debug|Any CPU.Build.0 = Debug|Any CPU
		{B4F8A901-EACD-4DED-9828-C7BB0B7B37DF}.Debug|x64.ActiveCfg = Debug|Any CPU
		{B4F8A901-EACD-4DED-9828-C7BB0B7B37DF}.Debug|x64.Build.0 = Debug|Any CPU
		{B4F8A901-EACD-4DED-9828-C7BB0B7B37DF}.Debug|x86.ActiveCfg = Debug|Any CPU
		{B4F8A901-EACD-4DED-9828-C7BB0B7B37DF}.Debug|x86.Build.0 = Debug|Any CPU
		{B4F8A901-EACD-4DED-9828-C7BB0B7B37DF}.Release|Any CPU.ActiveCfg = Release|Any CPU
		{B4F8A901-EACD-4DED-9828-C7BB0B7B37DF}.Release|Any CPU.Build.0 = Release|Any CPU
		{B4F8A901-EACD-4DED-9828-C7BB0B7B37DF}.Release|x64.ActiveCfg = Release|Any CPU
		{B4F8A901-EACD-4DED-9828-C7BB0B7B37DF}.Release|x64.Build.0 = Release|Any CPU
		{B4F8A901-EACD-4DED-9828-C7BB0B7B37DF}.Release|x86.ActiveCfg = Release|Any CPU
		{B4F8A901-EACD-4DED-9828-C7BB0B7B37DF}.Release|x86.Build.0 = Release|Any CPU
		{9CED25E9-A8BF-4378-8868-5FDF2FDEB071}.Debug|Any CPU.ActiveCfg = Debug|Any CPU
		{9CED25E9-A8BF-4378-8868-5FDF2FDEB071}.Debug|Any CPU.Build.0 = Debug|Any CPU
		{9CED25E9-A8BF-4378-8868-5FDF2FDEB071}.Debug|x64.ActiveCfg = Debug|Any CPU
		{9CED25E9-A8BF-4378-8868-5FDF2FDEB071}.Debug|x64.Build.0 = Debug|Any CPU
		{9CED25E9-A8BF-4378-8868-5FDF2FDEB071}.Debug|x86.ActiveCfg = Debug|Any CPU
		{9CED25E9-A8BF-4378-8868-5FDF2FDEB071}.Debug|x86.Build.0 = Debug|Any CPU
		{9CED25E9-A8BF-4378-8868-5FDF2FDEB071}.Release|Any CPU.ActiveCfg = Release|Any CPU
		{9CED25E9-A8BF-4378-8868-5FDF2FDEB071}.Release|Any CPU.Build.0 = Release|Any CPU
		{9CED25E9-A8BF-4378-8868-5FDF2FDEB071}.Release|x64.ActiveCfg = Release|Any CPU
		{9CED25E9-A8BF-4378-8868-5FDF2FDEB071}.Release|x64.Build.0 = Release|Any CPU
		{9CED25E9-A8BF-4378-8868-5FDF2FDEB071}.Release|x86.ActiveCfg = Release|Any CPU
		{9CED25E9-A8BF-4378-8868-5FDF2FDEB071}.Release|x86.Build.0 = Release|Any CPU
	EndGlobalSection
	GlobalSection(SolutionProperties) = preSolution
		HideSolutionNode = FALSE
	EndGlobalSection
EndGlobal
